version = 1
requires-python = "==3.11.*"

[[package]]
name = "aws-lambda-typing"
version = "2.20.0"
source = { registry = "https://pypi.org/simple" }
sdist = { url = "https://files.pythonhosted.org/packages/ba/2a/14e7a3dba738265db6eddfd0c9ec1619c0c14e48fcf70627fc75fca83305/aws-lambda-typing-2.20.0.tar.gz", hash = "sha256:78b0d8ebab73b3a6b0da98a7969f4e9c4bb497298ec50f3217da8a8dfba17154", size = 19413 }
wheels = [
    { url = "https://files.pythonhosted.org/packages/55/3d/4031f5950d65e89136d20a18b5ac985d5f087c29c902f285b6e8063619e4/aws_lambda_typing-2.20.0-py3-none-any.whl", hash = "sha256:1d44264cabfeab5ac38e67ddd0c874e677b2cbbae77a42d0519df470e6bbb49b", size = 35296 },
]

[[package]]
name = "aws-python-container"
version = "0.1.0"
source = { virtual = "." }
dependencies = [
    { name = "aws-lambda-typing" },
    { name = "numpy" },
]

[package.metadata]
requires-dist = [
    { name = "aws-lambda-typing", specifier = ">=2.20.0" },
    { name = "numpy", specifier = ">=2.1.1" },
]

[[package]]
name = "numpy"
version = "2.1.1"
source = { registry = "https://pypi.org/simple" }
sdist = { url = "https://files.pythonhosted.org/packages/59/5f/9003bb3e632f2b58f5e3a3378902dcc73c5518070736c6740fe52454e8e1/numpy-2.1.1.tar.gz", hash = "sha256:d0cf7d55b1051387807405b3898efafa862997b4cba8aa5dbe657be794afeafd", size = 18874860 }
wheels = [
    { url = "https://files.pythonhosted.org/packages/f7/86/2c01070424a42b286ea0271203682c3d3e81e10ce695545b35768307b383/numpy-2.1.1-cp311-cp311-macosx_10_9_x86_64.whl", hash = "sha256:0d07841fd284718feffe7dd17a63a2e6c78679b2d386d3e82f44f0108c905550", size = 21154850 },
    { url = "https://files.pythonhosted.org/packages/ef/4e/d3426d9e620a18bbb979f28e4dc7f9a2c35eb7cf726ffcb33545ebdd3e6a/numpy-2.1.1-cp311-cp311-macosx_11_0_arm64.whl", hash = "sha256:b5613cfeb1adfe791e8e681128f5f49f22f3fcaa942255a6124d58ca59d9528f", size = 13789477 },
    { url = "https://files.pythonhosted.org/packages/c6/6e/fb6b1b2da9f4c757f55b202f10b6af0fe4fee87ace6e830228a12ab8ae5d/numpy-2.1.1-cp311-cp311-macosx_14_0_arm64.whl", hash = "sha256:0b8cc2715a84b7c3b161f9ebbd942740aaed913584cae9cdc7f8ad5ad41943d0", size = 5351769 },
    { url = "https://files.pythonhosted.org/packages/58/9a/07c8a9dc7254f3265ae014e33768d1cfd8eb73ee6cf215f4ec3b497e4255/numpy-2.1.1-cp311-cp311-macosx_14_0_x86_64.whl", hash = "sha256:b49742cdb85f1f81e4dc1b39dcf328244f4d8d1ded95dea725b316bd2cf18c95", size = 6890872 },
    { url = "https://files.pythonhosted.org/packages/08/4e/3b50fa3b1e045793056ed5a1fc6f89dd897ff9cb00900ca6377fe552d442/numpy-2.1.1-cp311-cp311-manylinux_2_17_aarch64.manylinux2014_aarch64.whl", hash = "sha256:e8d5f8a8e3bc87334f025194c6193e408903d21ebaeb10952264943a985066ca", size = 13984256 },
    { url = "https://files.pythonhosted.org/packages/d9/37/108d692f7e2544b9ae972c7bfa06c26717871c273ccec86470bc3132b04d/numpy-2.1.1-cp311-cp311-manylinux_2_17_x86_64.manylinux2014_x86_64.whl", hash = "sha256:d51fc141ddbe3f919e91a096ec739f49d686df8af254b2053ba21a910ae518bf", size = 16337778 },
    { url = "https://files.pythonhosted.org/packages/95/2d/df81a1be3be6d3a92fd12dfd6c26a0dc026b276136ec1056562342a484a2/numpy-2.1.1-cp311-cp311-musllinux_1_1_x86_64.whl", hash = "sha256:98ce7fb5b8063cfdd86596b9c762bf2b5e35a2cdd7e967494ab78a1fa7f8b86e", size = 16710448 },
    { url = "https://files.pythonhosted.org/packages/8f/34/4b2e604c5c44bd64b6c85e89d88871b41e60233b3ddf97419b37ae5b0c72/numpy-2.1.1-cp311-cp311-musllinux_1_2_aarch64.whl", hash = "sha256:24c2ad697bd8593887b019817ddd9974a7f429c14a5469d7fad413f28340a6d2", size = 14489002 },
    { url = "https://files.pythonhosted.org/packages/9f/0d/67c04b6bfefd0abbe7f60f7e4f11e3aca15d688faec1d1df089966105a9a/numpy-2.1.1-cp311-cp311-win32.whl", hash = "sha256:397bc5ce62d3fb73f304bec332171535c187e0643e176a6e9421a6e3eacef06d", size = 6533215 },
    { url = "https://files.pythonhosted.org/packages/94/7a/4c00332a3ca79702bbc86228afd0e84e6f91b47222ec8cdf00677dd16481/numpy-2.1.1-cp311-cp311-win_amd64.whl", hash = "sha256:ae8ce252404cdd4de56dcfce8b11eac3c594a9c16c231d081fb705cf23bd4d9e", size = 12870550 },
]
